# This file was autogenerated by Stack.
# You should not edit this file by hand.
# For more information, please see the documentation at:
#   https://docs.haskellstack.org/en/stable/lock_files

packages:
- completed:
    hackage: cairo-0.13.8.2@sha256:ef1709c3c4d2c6d68a9a51d9f220dccc0745f6468d2d0868c15a7ecdf8f325a1,4078
    pantry-tree:
      sha256: d6a9b3a15bc2e7b53fda331279cfdbc299fbf0c4be2ee8c1b6b79b924b6fdeb4
      size: 2830
  original:
    hackage: cairo-0.13.8.2@sha256:ef1709c3c4d2c6d68a9a51d9f220dccc0745f6468d2d0868c15a7ecdf8f325a1,4078
- completed:
    hackage: gi-gtk-declarative-0.7.1@sha256:bb3095d875b788b53daa77a23af646782bc3420cf48e702440e74e780e027e44,4417
    pantry-tree:
      sha256: 7f414b78ad02dd60ab429e35cacf7943c5facf583121dabcdc3007fe07d1becc
      size: 2393
  original:
    hackage: gi-gtk-declarative-0.7.1@sha256:bb3095d875b788b53daa77a23af646782bc3420cf48e702440e74e780e027e44,4417
- completed:
    hackage: gi-gtk-declarative-app-simple-0.7.1@sha256:b2e0242a428da5a9868a019074043434e97f157a54405f1a947efe01a5fd2971,2276
    pantry-tree:
      sha256: e4cd0c93dad7222d4897835e651c86c55c3f98ab2d87c7d3fd26119991e309ab
      size: 311
  original:
    hackage: gi-gtk-declarative-app-simple-0.7.1@sha256:b2e0242a428da5a9868a019074043434e97f157a54405f1a947efe01a5fd2971,2276
- completed:
    hackage: gi-pango-1.0.27@sha256:3e9c5497382e8f112e834269de624980578cb6401e46f6537e694f94094b3af2,7461
    pantry-tree:
      sha256: a9fbc13fa28da5d18e2ab39e9f8045b92e89d2ff65bdb7046955e965b1f398be
      size: 361
  original:
    hackage: gi-pango-1.0.27@sha256:3e9c5497382e8f112e834269de624980578cb6401e46f6537e694f94094b3af2,7461
- completed:
    hackage: gio-0.13.8.2@sha256:95a9cc25976992aea0c4d0482b4f98ef165eca9ec2ccd553e2ce646bb0d8c66d,3136
    pantry-tree:
      sha256: b1733df766fe4f04f052aa4d08d4fed2e506dc0fd1d5357d9020c4256cbd9ac7
      size: 2036
  original:
    hackage: gio-0.13.8.2@sha256:95a9cc25976992aea0c4d0482b4f98ef165eca9ec2ccd553e2ce646bb0d8c66d,3136
- completed:
    hackage: glib-0.13.8.2@sha256:f44b829e741b3c3244d523f60b058701dfc067ff64c2ba61d43be4cccfc2663d,3156
    pantry-tree:
      sha256: 2442a22152231a94e2f1ecfe7ddc0f4e5fb2d5ae116b371508a448bd3312ef06
      size: 1625
  original:
    hackage: glib-0.13.8.2@sha256:f44b829e741b3c3244d523f60b058701dfc067ff64c2ba61d43be4cccfc2663d,3156
- completed:
    hackage: gtk-0.15.7@sha256:b67010152d10ad29feb968936520ffc5c791f9d00e232a3fc8cac7a259433a75,16582
    pantry-tree:
      sha256: b33a6a5cf39f62047444eefc7e7d770bdddf7123dfe17180bccfbadb04b6a632
      size: 21349
  original:
    hackage: gtk-0.15.7@sha256:b67010152d10ad29feb968936520ffc5c791f9d00e232a3fc8cac7a259433a75,16582
- completed:
    hackage: gtk3-0.15.7@sha256:d2c599bbed3b7965956db564c5e2bccf4b42b7123628b663901da7da5c90c421,19495
    pantry-tree:
      sha256: a37d3576d0624fa58ff4522e8544a18fc2903d8fc448fd229513edb0681ada4b
      size: 21251
  original:
    hackage: gtk3-0.15.7@sha256:d2c599bbed3b7965956db564c5e2bccf4b42b7123628b663901da7da5c90c421,19495
- completed:
    hackage: gtk2hs-buildtools-0.13.8.3@sha256:207229eee7abff12aba2740b32131522086275e46f2e72a0f5bbc3cb781e9d4d,5304
    pantry-tree:
      sha256: 1f93c6dbf2573503c48019fdf9f4662dcac494beaecccaea1873ec901eb2152f
      size: 3588
  original:
    hackage: gtk2hs-buildtools-0.13.8.3@sha256:207229eee7abff12aba2740b32131522086275e46f2e72a0f5bbc3cb781e9d4d,5304
- completed:
    hackage: haskell-gi-0.25.0@sha256:9731d9d8fb214ff803e2fbd42b4d1187448975ca263a33ddcd873218de2cdda1,5184
    pantry-tree:
      sha256: a92da07779018635b36e3d4c9607d1ead023f567cea16070f98465227f49637c
      size: 4269
  original:
    hackage: haskell-gi-0.25.0@sha256:9731d9d8fb214ff803e2fbd42b4d1187448975ca263a33ddcd873218de2cdda1,5184
- completed:
    hackage: haskell-gi-base-0.25.0@sha256:39bd0f4e6a295b60d626935157286efda5b905df520893ab9b7b5bdde4af82de,2513
    pantry-tree:
      sha256: 00ab3c246deb086b2fa92260b1fa55cb49c2cbfa6a91a165ade21120f7e5dcbc
      size: 1937
  original:
    hackage: haskell-gi-base-0.25.0@sha256:39bd0f4e6a295b60d626935157286efda5b905df520893ab9b7b5bdde4af82de,2513
- completed:
    hackage: microlens-0.4.11.2@sha256:765ec5cdd12a459e65161f0e3cdbce84652bf634d62af3911ba24e4bf8d4d944,4455
    pantry-tree:
      sha256: 98fdc52fe386eca8994832f7ce6daba584fcc6ccf4859b5e33b004ce25ddba11
      size: 461
  original:
    hackage: microlens-0.4.11.2@sha256:765ec5cdd12a459e65161f0e3cdbce84652bf634d62af3911ba24e4bf8d4d944,4455
- completed:
    hackage: pango-0.13.8.2@sha256:d4057ebddade4cde3e25d7755b5e030e7a7e56fe7365afd37916a7bba46d3fd9,3917
    pantry-tree:
      sha256: 10c335853e1d43e0b7426b33e8ddbdb90b3e318ebec4d58f0726a2f4cfb2e1c9
      size: 1506
  original:
    hackage: pango-0.13.8.2@sha256:d4057ebddade4cde3e25d7755b5e030e7a7e56fe7365afd37916a7bba46d3fd9,3917
- completed:
    hackage: reactive-banana-1.3.0.0@sha256:e625c838ff5a1550cafacd6bd8e9934a57d8b6ba88611129db57081ff59fbb43,4223
    pantry-tree:
      sha256: 8b182f446a3124cb6a87226d4d8c8f3060d8d5ed774d7f7a064d8d8e4c77ccc8
      size: 2523
  original:
    hackage: reactive-banana-1.3.0.0@sha256:e625c838ff5a1550cafacd6bd8e9934a57d8b6ba88611129db57081ff59fbb43,4223
- completed:
    hackage: Yampa-0.14.1@sha256:2d9b2b59d4d0d20cf0af9e31d9eebf4d47f1d94ad2270200e0f2dbdb7af496a9,6676
    pantry-tree:
      sha256: cddf2f95061654a9cead7bfc28ab28e913db2b41c2d1109a69fdb0cd05fa562a
      size: 2168
  original:
    hackage: Yampa-0.14.1@sha256:2d9b2b59d4d0d20cf0af9e31d9eebf4d47f1d94ad2270200e0f2dbdb7af496a9,6676
snapshots:
- completed:
    sha256: cdead65fca0323144b346c94286186f4969bf85594d649c49c7557295675d8a5
    size: 586286
    url: https://raw.githubusercontent.com/commercialhaskell/stackage-snapshots/master/lts/18/16.yaml
  original:
    url: https://raw.githubusercontent.com/commercialhaskell/stackage-snapshots/master/lts/18/16.yaml
